
Microsoft Visual Studio Solution File, Format Version 10.00
# Visual Studio 2008
Project("{54435603-DBB4-11D2-8724-00A0C9A8B90C}") = "SetupComercial", "SetupComercial\SetupComercial.vdproj", "{186AFFA3-4FA3-41D1-BAEA-B2F2A72FD17D}"
EndProject
Global
	GlobalSection(SolutionConfigurationPlatforms) = preSolution
		Debug|Default = Debug|Default
		Release|Default = Release|Default
	EndGlobalSection
	GlobalSection(ProjectConfigurationPlatforms) = postSolution
		{186AFFA3-4FA3-41D1-BAEA-B2F2A72FD17D}.Debug|Default.ActiveCfg = Debug
		{186AFFA3-4FA3-41D1-BAEA-B2F2A72FD17D}.Debug|Default.Build.0 = Debug
		{186AFFA3-4FA3-41D1-BAEA-B2F2A72FD17D}.Release|Default.ActiveCfg = Release
		{186AFFA3-4FA3-41D1-BAEA-B2F2A72FD17D}.Release|Default.Build.0 = Release
	EndGlobalSection
	GlobalSection(SolutionProperties) = preSolution
		HideSolutionNode = FALSE
	EndGlobalSection
EndGlobal
